// !$*UTF8*$!
{
	archiveVersion = 1;
	classes = {
	};
	objectVersion = 52;
	objects = {

/* Begin PBXBuildFile section */
		1AC6FB30180E99EB004C840B /* libcocos2d iOS.a in Frameworks */ = {isa = PBXBuildFile; fileRef = 1AC6FB07180E9839004C840B /* libcocos2d iOS.a */; };
		1D60589F0D05DD5A006BFB54 /* Foundation.framework in Frameworks */ = {isa = PBXBuildFile; fileRef = 1D30AB110D05D00D00671497 /* Foundation.framework */; };
		288765A50DF7441C002DB57D /* CoreGraphics.framework in Frameworks */ = {isa = PBXBuildFile; fileRef = 288765A40DF7441C002DB57D /* CoreGraphics.framework */; };
		46880B8819C43A87006E1F66 /* AppDelegate.cpp in Sources */ = {isa = PBXBuildFile; fileRef = 46880B8419C43A87006E1F66 /* AppDelegate.cpp */; };
		503AE10117EB989F00D1A890 /* main.m in Sources */ = {isa = PBXBuildFile; fileRef = 503AE0FC17EB989F00D1A890 /* main.m */; };
		521A8EA919F11F5000D177D7 /* fonts in Resources */ = {isa = PBXBuildFile; fileRef = 521A8EA819F11F5000D177D7 /* fonts */; };
		7F08C9971E6FBF4A00F4D11D /* imageInGameScene in Resources */ = {isa = PBXBuildFile; fileRef = 7F08C9961E6FBF4A00F4D11D /* imageInGameScene */; };
		7F08C9991E6FC92D00F4D11D /* iconGame in Resources */ = {isa = PBXBuildFile; fileRef = 7F08C9981E6FC92D00F4D11D /* iconGame */; };
		7F08C99F1E6FDDBD00F4D11D /* imagePopUp-Pause in Resources */ = {isa = PBXBuildFile; fileRef = 7F08C99E1E6FDDBD00F4D11D /* imagePopUp-Pause */; };
		7FEBB99B1E6EA11E00AB48C1 /* imageHelpScene in Resources */ = {isa = PBXBuildFile; fileRef = 7FEBB99A1E6EA11E00AB48C1 /* imageHelpScene */; };
		7FEBB9B31E6EFC0700AB48C1 /* imageModeGameScene in Resources */ = {isa = PBXBuildFile; fileRef = 7FEBB9B21E6EFC0700AB48C1 /* imageModeGameScene */; };
		861A98262968F73D009A2A91 /* nanopb.xcframework in Frameworks */ = {isa = PBXBuildFile; fileRef = 861A981A2968F73D009A2A91 /* nanopb.xcframework */; };
		861A98272968F73D009A2A91 /* Promises-LICENSE in Resources */ = {isa = PBXBuildFile; fileRef = 861A981C2968F73D009A2A91 /* Promises-LICENSE */; };
		861A98282968F73D009A2A91 /* NanoPB-LICENSE in Resources */ = {isa = PBXBuildFile; fileRef = 861A981D2968F73D009A2A91 /* NanoPB-LICENSE */; };
		861A98292968F73D009A2A91 /* OpenMeasurement-LICENSE in Resources */ = {isa = PBXBuildFile; fileRef = 861A981E2968F73D009A2A91 /* OpenMeasurement-LICENSE */; };
		861A982A2968F73D009A2A91 /* GoogleUtilities-LICENSE in Resources */ = {isa = PBXBuildFile; fileRef = 861A981F2968F73D009A2A91 /* GoogleUtilities-LICENSE */; };
		861A982B2968F73D009A2A91 /* GoogleAppMeasurementIdentitySupport.xcframework in Frameworks */ = {isa = PBXBuildFile; fileRef = 861A98202968F73D009A2A91 /* GoogleAppMeasurementIdentitySupport.xcframework */; };
		861A982C2968F73D009A2A91 /* PromisesObjC.xcframework in Frameworks */ = {isa = PBXBuildFile; fileRef = 861A98212968F73D009A2A91 /* PromisesObjC.xcframework */; };
		861A982D2968F73D009A2A91 /* UserMessagingPlatform.xcframework in Frameworks */ = {isa = PBXBuildFile; fileRef = 861A98222968F73D009A2A91 /* UserMessagingPlatform.xcframework */; };
		861A982E2968F73D009A2A91 /* GoogleMobileAds.xcframework in Frameworks */ = {isa = PBXBuildFile; fileRef = 861A98232968F73D009A2A91 /* GoogleMobileAds.xcframework */; };
		861A982F2968F73D009A2A91 /* GoogleAppMeasurement.xcframework in Frameworks */ = {isa = PBXBuildFile; fileRef = 861A98242968F73D009A2A91 /* GoogleAppMeasurement.xcframework */; };
		861A98302968F73D009A2A91 /* GoogleUtilities.xcframework in Frameworks */ = {isa = PBXBuildFile; fileRef = 861A98252968F73D009A2A91 /* GoogleUtilities.xcframework */; };
		8675577328B22ADE00CBF40E /* UIKit.framework in Frameworks */ = {isa = PBXBuildFile; fileRef = 8675577228B22ADE00CBF40E /* UIKit.framework */; };
		8675577528B22AF800CBF40E /* CoreMotion.framework in Frameworks */ = {isa = PBXBuildFile; fileRef = 8675577428B22AF800CBF40E /* CoreMotion.framework */; };
		8675577728B22B1A00CBF40E /* CoreText.framework in Frameworks */ = {isa = PBXBuildFile; fileRef = 8675577628B22B1A00CBF40E /* CoreText.framework */; };
		8675577A28B22EB600CBF40E /* OpenGLES.framework in Frameworks */ = {isa = PBXBuildFile; fileRef = 8675576828B2293C00CBF40E /* OpenGLES.framework */; };
		867B7C9728B3C5B200C63AD5 /* RootViewController.mm in Sources */ = {isa = PBXBuildFile; fileRef = 867B7C9328B3C5B200C63AD5 /* RootViewController.mm */; };
		867B7C9828B3C5B200C63AD5 /* AppController.mm in Sources */ = {isa = PBXBuildFile; fileRef = 867B7C9628B3C5B200C63AD5 /* AppController.mm */; };
		867B7CCE28B3C89700C63AD5 /* AdmobIOSWrapper.m in Sources */ = {isa = PBXBuildFile; fileRef = 867B7CCD28B3C89700C63AD5 /* AdmobIOSWrapper.m */; };
		867B7CD728B3CBB700C63AD5 /* AdmobIOS.mm in Sources */ = {isa = PBXBuildFile; fileRef = 867B7CD628B3CBB700C63AD5 /* AdmobIOS.mm */; };
		867B7CF128B3CDE600C63AD5 /* JavaScriptCore.framework in Frameworks */ = {isa = PBXBuildFile; fileRef = 867B7CF028B3CDE600C63AD5 /* JavaScriptCore.framework */; };
		867B7CF328B3CE0F00C63AD5 /* GameController.framework in Frameworks */ = {isa = PBXBuildFile; fileRef = 867B7CF228B3CE0F00C63AD5 /* GameController.framework */; };
		86839D59296E9D0E0016242E /* CustomUserDefault.cpp in Sources */ = {isa = PBXBuildFile; fileRef = 86839D57296E9D0E0016242E /* CustomUserDefault.cpp */; };
		869C1511294E4CA10010921A /* HelpScene.cpp in Sources */ = {isa = PBXBuildFile; fileRef = 869C14FC294E4CA10010921A /* HelpScene.cpp */; };
		869C1512294E4CA10010921A /* DataGame.cpp in Sources */ = {isa = PBXBuildFile; fileRef = 869C14FD294E4CA10010921A /* DataGame.cpp */; };
		869C1513294E4CA10010921A /* LevelGame.cpp in Sources */ = {isa = PBXBuildFile; fileRef = 869C14FE294E4CA10010921A /* LevelGame.cpp */; };
		869C1514294E4CA10010921A /* GameObject.cpp in Sources */ = {isa = PBXBuildFile; fileRef = 869C1502294E4CA10010921A /* GameObject.cpp */; };
		869C1515294E4CA10010921A /* ModeGameScene.cpp in Sources */ = {isa = PBXBuildFile; fileRef = 869C1504294E4CA10010921A /* ModeGameScene.cpp */; };
		869C1517294E4CA10010921A /* AdmobManager.cpp in Sources */ = {isa = PBXBuildFile; fileRef = 869C1506294E4CA10010921A /* AdmobManager.cpp */; };
		869C1518294E4CA10010921A /* GameScene.cpp in Sources */ = {isa = PBXBuildFile; fileRef = 869C1507294E4CA10010921A /* GameScene.cpp */; };
		869C1519294E4CA10010921A /* HomeScene.cpp in Sources */ = {isa = PBXBuildFile; fileRef = 869C1509294E4CA10010921A /* HomeScene.cpp */; };
		869C151A294E4CA10010921A /* LevelScene.cpp in Sources */ = {isa = PBXBuildFile; fileRef = 869C150B294E4CA10010921A /* LevelScene.cpp */; };
		869C151B294E4CA10010921A /* GameBoard.cpp in Sources */ = {isa = PBXBuildFile; fileRef = 869C150D294E4CA10010921A /* GameBoard.cpp */; };
		869C151C294E4CA10010921A /* AndroidScene.cpp in Sources */ = {isa = PBXBuildFile; fileRef = 869C1510294E4CA10010921A /* AndroidScene.cpp */; };
		869C1521294E59E70010921A /* LaunchScreen.storyboard in Resources */ = {isa = PBXBuildFile; fileRef = 869C1520294E59E70010921A /* LaunchScreen.storyboard */; };
		869C1523294E5ACF0010921A /* launching-screen.png in Resources */ = {isa = PBXBuildFile; fileRef = 869C1522294E5ACF0010921A /* launching-screen.png */; };
		869C152D294E603F0010921A /* Image.xcassets in Resources */ = {isa = PBXBuildFile; fileRef = 869C152C294E603F0010921A /* Image.xcassets */; };
		B77175981DFC49E000410C8D /* imageHomeScene in Resources */ = {isa = PBXBuildFile; fileRef = B77175971DFC49E000410C8D /* imageHomeScene */; };
		B7F5F9881DFC4A360044E678 /* imageLevelScene in Resources */ = {isa = PBXBuildFile; fileRef = B7F5F9871DFC4A360044E678 /* imageLevelScene */; };
		B7F5F98A1DFC4A6F0044E678 /* data in Resources */ = {isa = PBXBuildFile; fileRef = B7F5F9891DFC4A6F0044E678 /* data */; };
		BF1712471292920000B8313A /* libz.dylib in Frameworks */ = {isa = PBXBuildFile; fileRef = BF170DB412928DE900B8313A /* libz.dylib */; };
		BF1C47F01293687400B63C5D /* QuartzCore.framework in Frameworks */ = {isa = PBXBuildFile; fileRef = BF1C47EA1293683800B63C5D /* QuartzCore.framework */; };
		D44C620C132DFF330009C878 /* OpenAL.framework in Frameworks */ = {isa = PBXBuildFile; fileRef = D44C620B132DFF330009C878 /* OpenAL.framework */; };
		D44C620E132DFF430009C878 /* AVFoundation.framework in Frameworks */ = {isa = PBXBuildFile; fileRef = D44C620D132DFF430009C878 /* AVFoundation.framework */; };
		D44C6210132DFF4E0009C878 /* AudioToolbox.framework in Frameworks */ = {isa = PBXBuildFile; fileRef = D44C620F132DFF4E0009C878 /* AudioToolbox.framework */; };
		ED545A7C1B68A1F400C3958E /* libiconv.dylib in Frameworks */ = {isa = PBXBuildFile; fileRef = ED545A7B1B68A1F400C3958E /* libiconv.dylib */; };
/* End PBXBuildFile section */

/* Begin PBXContainerItemProxy section */
		1AC6FB06180E9839004C840B /* PBXContainerItemProxy */ = {
			isa = PBXContainerItemProxy;
			containerPortal = 1AC6FAE5180E9839004C840B /* cocos2d_libs.xcodeproj */;
			proxyType = 2;
			remoteGlobalIDString = A07A4D641783777C0073F6A7;
			remoteInfo = "cocos2dx iOS";
		};
		1AC6FB24180E99E1004C840B /* PBXContainerItemProxy */ = {
			isa = PBXContainerItemProxy;
			containerPortal = 1AC6FAE5180E9839004C840B /* cocos2d_libs.xcodeproj */;
			proxyType = 1;
			remoteGlobalIDString = A07A4C241783777C0073F6A7;
			remoteInfo = "cocos2dx iOS";
		};
/* End PBXContainerItemProxy section */

/* Begin PBXFileReference section */
		1AC6FAE5180E9839004C840B /* cocos2d_libs.xcodeproj */ = {isa = PBXFileReference; lastKnownFileType = "wrapper.pb-project"; name = cocos2d_libs.xcodeproj; path = ../cocos2d/build/cocos2d_libs.xcodeproj; sourceTree = "<group>"; };
		1ACB3243164770DE00914215 /* libcurl.a */ = {isa = PBXFileReference; lastKnownFileType = archive.ar; name = libcurl.a; path = ../../cocos2dx/platform/third_party/ios/libraries/libcurl.a; sourceTree = "<group>"; };
		1D30AB110D05D00D00671497 /* Foundation.framework */ = {isa = PBXFileReference; lastKnownFileType = wrapper.framework; name = Foundation.framework; path = System/Library/Frameworks/Foundation.framework; sourceTree = SDKROOT; };
		1D6058910D05DD3D006BFB54 /* SlideBlockPuzzle.app */ = {isa = PBXFileReference; explicitFileType = wrapper.application; includeInIndex = 0; path = SlideBlockPuzzle.app; sourceTree = BUILT_PRODUCTS_DIR; };
		1DF5F4DF0D08C38300B7A737 /* UIKit.framework */ = {isa = PBXFileReference; lastKnownFileType = wrapper.framework; name = UIKit.framework; path = System/Library/Frameworks/UIKit.framework; sourceTree = SDKROOT; };
		288765A40DF7441C002DB57D /* CoreGraphics.framework */ = {isa = PBXFileReference; lastKnownFileType = wrapper.framework; name = CoreGraphics.framework; path = System/Library/Frameworks/CoreGraphics.framework; sourceTree = SDKROOT; };
		46880B8419C43A87006E1F66 /* AppDelegate.cpp */ = {isa = PBXFileReference; fileEncoding = 4; lastKnownFileType = sourcecode.cpp.cpp; path = AppDelegate.cpp; sourceTree = "<group>"; };
		46880B8519C43A87006E1F66 /* AppDelegate.h */ = {isa = PBXFileReference; fileEncoding = 4; lastKnownFileType = sourcecode.c.h; path = AppDelegate.h; sourceTree = "<group>"; };
		503AE0F617EB97AB00D1A890 /* Icon.icns */ = {isa = PBXFileReference; lastKnownFileType = image.icns; path = Icon.icns; sourceTree = "<group>"; };
		503AE0F717EB97AB00D1A890 /* Info.plist */ = {isa = PBXFileReference; fileEncoding = 4; lastKnownFileType = text.plist.xml; path = Info.plist; sourceTree = "<group>"; };
		503AE0FC17EB989F00D1A890 /* main.m */ = {isa = PBXFileReference; fileEncoding = 4; lastKnownFileType = sourcecode.c.objc; name = main.m; path = ios/main.m; sourceTree = SOURCE_ROOT; };
		503AE0FD17EB989F00D1A890 /* Prefix.pch */ = {isa = PBXFileReference; fileEncoding = 4; lastKnownFileType = sourcecode.c.h; name = Prefix.pch; path = ios/Prefix.pch; sourceTree = SOURCE_ROOT; };
		503AE10317EB98FF00D1A890 /* main.cpp */ = {isa = PBXFileReference; fileEncoding = 4; lastKnownFileType = sourcecode.cpp.cpp; name = main.cpp; path = mac/main.cpp; sourceTree = "<group>"; };
		503AE10417EB98FF00D1A890 /* Prefix.pch */ = {isa = PBXFileReference; fileEncoding = 4; lastKnownFileType = sourcecode.c.h; name = Prefix.pch; path = mac/Prefix.pch; sourceTree = "<group>"; };
		503AE11117EB99EE00D1A890 /* libcurl.dylib */ = {isa = PBXFileReference; lastKnownFileType = "compiled.mach-o.dylib"; name = libcurl.dylib; path = usr/lib/libcurl.dylib; sourceTree = SDKROOT; };
		503AE11A17EB9C5A00D1A890 /* IOKit.framework */ = {isa = PBXFileReference; lastKnownFileType = wrapper.framework; name = IOKit.framework; path = System/Library/Frameworks/IOKit.framework; sourceTree = SDKROOT; };
		5087E78817EB974C00C73F5D /* AppKit.framework */ = {isa = PBXFileReference; lastKnownFileType = wrapper.framework; name = AppKit.framework; path = System/Library/Frameworks/AppKit.framework; sourceTree = SDKROOT; };
		5087E78A17EB975400C73F5D /* OpenGL.framework */ = {isa = PBXFileReference; lastKnownFileType = wrapper.framework; name = OpenGL.framework; path = System/Library/Frameworks/OpenGL.framework; sourceTree = SDKROOT; };
		521A8EA819F11F5000D177D7 /* fonts */ = {isa = PBXFileReference; lastKnownFileType = folder; path = fonts; sourceTree = "<group>"; };
		52B47A461A53D09B004E4C60 /* Security.framework */ = {isa = PBXFileReference; lastKnownFileType = wrapper.framework; name = Security.framework; path = Platforms/iPhoneOS.platform/Developer/SDKs/iPhoneOS8.1.sdk/System/Library/Frameworks/Security.framework; sourceTree = DEVELOPER_DIR; };
		7F08C9961E6FBF4A00F4D11D /* imageInGameScene */ = {isa = PBXFileReference; lastKnownFileType = folder; path = imageInGameScene; sourceTree = "<group>"; };
		7F08C9981E6FC92D00F4D11D /* iconGame */ = {isa = PBXFileReference; lastKnownFileType = folder; path = iconGame; sourceTree = "<group>"; };
		7F08C99E1E6FDDBD00F4D11D /* imagePopUp-Pause */ = {isa = PBXFileReference; lastKnownFileType = folder; path = "imagePopUp-Pause"; sourceTree = "<group>"; };
		7FB1EF1E1E7AEE7F003D3F04 /* GoogleMobileAds.framework */ = {isa = PBXFileReference; lastKnownFileType = wrapper.framework; name = GoogleMobileAds.framework; path = "GoogleMobileAdsSdkiOS-7.18.0/GoogleMobileAds.framework"; sourceTree = "<group>"; };
		7FB1EF201E7AEF06003D3F04 /* MediaPlayer.framework */ = {isa = PBXFileReference; lastKnownFileType = wrapper.framework; name = MediaPlayer.framework; path = Platforms/iPhoneOS.platform/Developer/SDKs/iPhoneOS10.2.sdk/System/Library/Frameworks/MediaPlayer.framework; sourceTree = DEVELOPER_DIR; };
		7FB1EF221E7AEF47003D3F04 /* MessageUI.framework */ = {isa = PBXFileReference; lastKnownFileType = wrapper.framework; name = MessageUI.framework; path = Platforms/iPhoneOS.platform/Developer/SDKs/iPhoneOS10.2.sdk/System/Library/Frameworks/MessageUI.framework; sourceTree = DEVELOPER_DIR; };
		7FB1EF241E7AEF4C003D3F04 /* StoreKit.framework */ = {isa = PBXFileReference; lastKnownFileType = wrapper.framework; name = StoreKit.framework; path = Platforms/iPhoneOS.platform/Developer/SDKs/iPhoneOS10.2.sdk/System/Library/Frameworks/StoreKit.framework; sourceTree = DEVELOPER_DIR; };
		7FB1EF261E7AEF57003D3F04 /* SystemConfiguration.framework */ = {isa = PBXFileReference; lastKnownFileType = wrapper.framework; name = SystemConfiguration.framework; path = Platforms/iPhoneOS.platform/Developer/SDKs/iPhoneOS10.2.sdk/System/Library/Frameworks/SystemConfiguration.framework; sourceTree = DEVELOPER_DIR; };
		7FB1EF281E7AEF8D003D3F04 /* GLKit.framework */ = {isa = PBXFileReference; lastKnownFileType = wrapper.framework; name = GLKit.framework; path = Platforms/iPhoneOS.platform/Developer/SDKs/iPhoneOS10.2.sdk/System/Library/Frameworks/GLKit.framework; sourceTree = DEVELOPER_DIR; };
		7FB1EF2A1E7AEFB7003D3F04 /* AdSupport.framework */ = {isa = PBXFileReference; lastKnownFileType = wrapper.framework; name = AdSupport.framework; path = Platforms/iPhoneOS.platform/Developer/SDKs/iPhoneOS10.2.sdk/System/Library/Frameworks/AdSupport.framework; sourceTree = DEVELOPER_DIR; };
		7FB1EF2C1E7AEFEE003D3F04 /* CFNetwork.framework */ = {isa = PBXFileReference; lastKnownFileType = wrapper.framework; name = CFNetwork.framework; path = Platforms/iPhoneOS.platform/Developer/SDKs/iPhoneOS10.2.sdk/System/Library/Frameworks/CFNetwork.framework; sourceTree = DEVELOPER_DIR; };
		7FB1EF2E1E7AF02B003D3F04 /* CoreTelephony.framework */ = {isa = PBXFileReference; lastKnownFileType = wrapper.framework; name = CoreTelephony.framework; path = Platforms/iPhoneOS.platform/Developer/SDKs/iPhoneOS10.2.sdk/System/Library/Frameworks/CoreTelephony.framework; sourceTree = DEVELOPER_DIR; };
		7FB1EF301E7AF057003D3F04 /* OpenGLES.framework */ = {isa = PBXFileReference; lastKnownFileType = wrapper.framework; name = OpenGLES.framework; path = Platforms/iPhoneOS.platform/Developer/SDKs/iPhoneOS10.2.sdk/System/Library/Frameworks/OpenGLES.framework; sourceTree = DEVELOPER_DIR; };
		7FB1EF321E7AF0B2003D3F04 /* CoreMedia.framework */ = {isa = PBXFileReference; lastKnownFileType = wrapper.framework; name = CoreMedia.framework; path = Platforms/iPhoneOS.platform/Developer/SDKs/iPhoneOS10.2.sdk/System/Library/Frameworks/CoreMedia.framework; sourceTree = DEVELOPER_DIR; };
		7FB1EF341E7AF0B7003D3F04 /* EventKit.framework */ = {isa = PBXFileReference; lastKnownFileType = wrapper.framework; name = EventKit.framework; path = Platforms/iPhoneOS.platform/Developer/SDKs/iPhoneOS10.2.sdk/System/Library/Frameworks/EventKit.framework; sourceTree = DEVELOPER_DIR; };
		7FB1EF361E7AF0C0003D3F04 /* EventKitUI.framework */ = {isa = PBXFileReference; lastKnownFileType = wrapper.framework; name = EventKitUI.framework; path = Platforms/iPhoneOS.platform/Developer/SDKs/iPhoneOS10.2.sdk/System/Library/Frameworks/EventKitUI.framework; sourceTree = DEVELOPER_DIR; };
		7FB1EF381E7AF0F5003D3F04 /* SafariServices.framework */ = {isa = PBXFileReference; lastKnownFileType = wrapper.framework; name = SafariServices.framework; path = Platforms/iPhoneOS.platform/Developer/SDKs/iPhoneOS10.2.sdk/System/Library/Frameworks/SafariServices.framework; sourceTree = DEVELOPER_DIR; };
		7FB1EF3B1E7AF185003D3F04 /* GameController.framework */ = {isa = PBXFileReference; lastKnownFileType = wrapper.framework; name = GameController.framework; path = Platforms/iPhoneOS.platform/Developer/SDKs/iPhoneOS10.2.sdk/System/Library/Frameworks/GameController.framework; sourceTree = DEVELOPER_DIR; };
		7FB1EF3F1E7AF1A4003D3F04 /* MobileCoreServices.framework */ = {isa = PBXFileReference; lastKnownFileType = wrapper.framework; name = MobileCoreServices.framework; path = Platforms/iPhoneOS.platform/Developer/SDKs/iPhoneOS10.2.sdk/System/Library/Frameworks/MobileCoreServices.framework; sourceTree = DEVELOPER_DIR; };
		7FB1EF411E7AF1DB003D3F04 /* CoreMotion.framework */ = {isa = PBXFileReference; lastKnownFileType = wrapper.framework; name = CoreMotion.framework; path = Platforms/iPhoneOS.platform/Developer/SDKs/iPhoneOS10.2.sdk/System/Library/Frameworks/CoreMotion.framework; sourceTree = DEVELOPER_DIR; };
		7FB1EF431E7AF1EE003D3F04 /* Security.framework */ = {isa = PBXFileReference; lastKnownFileType = wrapper.framework; name = Security.framework; path = Platforms/iPhoneOS.platform/Developer/SDKs/iPhoneOS10.2.sdk/System/Library/Frameworks/Security.framework; sourceTree = DEVELOPER_DIR; };
		7FB1EF461E7AF244003D3F04 /* AVKit.framework */ = {isa = PBXFileReference; lastKnownFileType = wrapper.framework; name = AVKit.framework; path = Platforms/iPhoneOS.platform/Developer/SDKs/iPhoneOS10.2.sdk/System/Library/Frameworks/AVKit.framework; sourceTree = DEVELOPER_DIR; };
		7FB1EF481E7AF252003D3F04 /* CoreVideo.framework */ = {isa = PBXFileReference; lastKnownFileType = wrapper.framework; name = CoreVideo.framework; path = Platforms/iPhoneOS.platform/Developer/SDKs/iPhoneOS10.2.sdk/System/Library/Frameworks/CoreVideo.framework; sourceTree = DEVELOPER_DIR; };
		7FB1EF4F1E7B17CB003D3F04 /* GameKit.framework */ = {isa = PBXFileReference; lastKnownFileType = wrapper.framework; name = GameKit.framework; path = Platforms/iPhoneOS.platform/Developer/SDKs/iPhoneOS10.2.sdk/System/Library/Frameworks/GameKit.framework; sourceTree = DEVELOPER_DIR; };
		7FEBB99A1E6EA11E00AB48C1 /* imageHelpScene */ = {isa = PBXFileReference; lastKnownFileType = folder; path = imageHelpScene; sourceTree = "<group>"; };
		7FEBB9B21E6EFC0700AB48C1 /* imageModeGameScene */ = {isa = PBXFileReference; lastKnownFileType = folder; path = imageModeGameScene; sourceTree = "<group>"; };
		7FFD6C411EC9EC7700509C76 /* GoogleMobileAds.framework */ = {isa = PBXFileReference; lastKnownFileType = wrapper.framework; name = GoogleMobileAds.framework; path = "GoogleMobileAdsSdkiOS-7.20.0/GoogleMobileAds.framework"; sourceTree = "<group>"; };
		7FFD6C431EC9EC8900509C76 /* OpenGLES.framework */ = {isa = PBXFileReference; lastKnownFileType = wrapper.framework; name = OpenGLES.framework; path = Platforms/iPhoneOS.platform/Developer/SDKs/iPhoneOS10.3.sdk/System/Library/Frameworks/OpenGLES.framework; sourceTree = DEVELOPER_DIR; };
		7FFD6C451EC9EC9100509C76 /* UIKit.framework */ = {isa = PBXFileReference; lastKnownFileType = wrapper.framework; name = UIKit.framework; path = Platforms/iPhoneOS.platform/Developer/SDKs/iPhoneOS10.3.sdk/System/Library/Frameworks/UIKit.framework; sourceTree = DEVELOPER_DIR; };
		7FFD6C471EC9EC9A00509C76 /* CoreMotion.framework */ = {isa = PBXFileReference; lastKnownFileType = wrapper.framework; name = CoreMotion.framework; path = Platforms/iPhoneOS.platform/Developer/SDKs/iPhoneOS10.3.sdk/System/Library/Frameworks/CoreMotion.framework; sourceTree = DEVELOPER_DIR; };
		7FFD6C491EC9ECA000509C76 /* Security.framework */ = {isa = PBXFileReference; lastKnownFileType = wrapper.framework; name = Security.framework; path = Platforms/iPhoneOS.platform/Developer/SDKs/iPhoneOS10.3.sdk/System/Library/Frameworks/Security.framework; sourceTree = DEVELOPER_DIR; };
		7FFD6C4B1EC9ECA600509C76 /* MessageUI.framework */ = {isa = PBXFileReference; lastKnownFileType = wrapper.framework; name = MessageUI.framework; path = Platforms/iPhoneOS.platform/Developer/SDKs/iPhoneOS10.3.sdk/System/Library/Frameworks/MessageUI.framework; sourceTree = DEVELOPER_DIR; };
		7FFD6C4D1EC9ECAC00509C76 /* StoreKit.framework */ = {isa = PBXFileReference; lastKnownFileType = wrapper.framework; name = StoreKit.framework; path = Platforms/iPhoneOS.platform/Developer/SDKs/iPhoneOS10.3.sdk/System/Library/Frameworks/StoreKit.framework; sourceTree = DEVELOPER_DIR; };
		7FFD6C4F1EC9ECB100509C76 /* SystemConfiguration.framework */ = {isa = PBXFileReference; lastKnownFileType = wrapper.framework; name = SystemConfiguration.framework; path = Platforms/iPhoneOS.platform/Developer/SDKs/iPhoneOS10.3.sdk/System/Library/Frameworks/SystemConfiguration.framework; sourceTree = DEVELOPER_DIR; };
		7FFD6C511EC9ECC200509C76 /* GLKit.framework */ = {isa = PBXFileReference; lastKnownFileType = wrapper.framework; name = GLKit.framework; path = Platforms/iPhoneOS.platform/Developer/SDKs/iPhoneOS10.3.sdk/System/Library/Frameworks/GLKit.framework; sourceTree = DEVELOPER_DIR; };
		7FFD6C531EC9ECCE00509C76 /* AdSupport.framework */ = {isa = PBXFileReference; lastKnownFileType = wrapper.framework; name = AdSupport.framework; path = Platforms/iPhoneOS.platform/Developer/SDKs/iPhoneOS10.3.sdk/System/Library/Frameworks/AdSupport.framework; sourceTree = DEVELOPER_DIR; };
		7FFD6C551EC9F2F700509C76 /* CoreText.framework */ = {isa = PBXFileReference; lastKnownFileType = wrapper.framework; name = CoreText.framework; path = Platforms/iPhoneOS.platform/Developer/SDKs/iPhoneOS10.3.sdk/System/Library/Frameworks/CoreText.framework; sourceTree = DEVELOPER_DIR; };
		8262943D1AAF051F00CB7CF7 /* Security.framework */ = {isa = PBXFileReference; lastKnownFileType = wrapper.framework; name = Security.framework; path = System/Library/Frameworks/Security.framework; sourceTree = SDKROOT; };
		861A981A2968F73D009A2A91 /* nanopb.xcframework */ = {isa = PBXFileReference; lastKnownFileType = wrapper.xcframework; path = nanopb.xcframework; sourceTree = "<group>"; };
		861A981C2968F73D009A2A91 /* Promises-LICENSE */ = {isa = PBXFileReference; fileEncoding = 4; lastKnownFileType = text; path = "Promises-LICENSE"; sourceTree = "<group>"; };
		861A981D2968F73D009A2A91 /* NanoPB-LICENSE */ = {isa = PBXFileReference; fileEncoding = 4; lastKnownFileType = text; path = "NanoPB-LICENSE"; sourceTree = "<group>"; };
		861A981E2968F73D009A2A91 /* OpenMeasurement-LICENSE */ = {isa = PBXFileReference; fileEncoding = 4; lastKnownFileType = text; path = "OpenMeasurement-LICENSE"; sourceTree = "<group>"; };
		861A981F2968F73D009A2A91 /* GoogleUtilities-LICENSE */ = {isa = PBXFileReference; fileEncoding = 4; lastKnownFileType = text; path = "GoogleUtilities-LICENSE"; sourceTree = "<group>"; };
		861A98202968F73D009A2A91 /* GoogleAppMeasurementIdentitySupport.xcframework */ = {isa = PBXFileReference; lastKnownFileType = wrapper.xcframework; path = GoogleAppMeasurementIdentitySupport.xcframework; sourceTree = "<group>"; };
		861A98212968F73D009A2A91 /* PromisesObjC.xcframework */ = {isa = PBXFileReference; lastKnownFileType = wrapper.xcframework; path = PromisesObjC.xcframework; sourceTree = "<group>"; };
		861A98222968F73D009A2A91 /* UserMessagingPlatform.xcframework */ = {isa = PBXFileReference; lastKnownFileType = wrapper.xcframework; path = UserMessagingPlatform.xcframework; sourceTree = "<group>"; };
		861A98232968F73D009A2A91 /* GoogleMobileAds.xcframework */ = {isa = PBXFileReference; lastKnownFileType = wrapper.xcframework; path = GoogleMobileAds.xcframework; sourceTree = "<group>"; };
		861A98242968F73D009A2A91 /* GoogleAppMeasurement.xcframework */ = {isa = PBXFileReference; lastKnownFileType = wrapper.xcframework; path = GoogleAppMeasurement.xcframework; sourceTree = "<group>"; };
		861A98252968F73D009A2A91 /* GoogleUtilities.xcframework */ = {isa = PBXFileReference; lastKnownFileType = wrapper.xcframework; path = GoogleUtilities.xcframework; sourceTree = "<group>"; };
		8675576828B2293C00CBF40E /* OpenGLES.framework */ = {isa = PBXFileReference; lastKnownFileType = wrapper.framework; name = OpenGLES.framework; path = Platforms/iPhoneOS.platform/Developer/SDKs/iPhoneOS15.0.sdk/System/Library/Frameworks/OpenGLES.framework; sourceTree = DEVELOPER_DIR; };
		8675576A28B2299500CBF40E /* MediaPlayer.framework */ = {isa = PBXFileReference; lastKnownFileType = wrapper.framework; name = MediaPlayer.framework; path = Platforms/iPhoneOS.platform/Developer/SDKs/iPhoneOS15.0.sdk/System/Library/Frameworks/MediaPlayer.framework; sourceTree = DEVELOPER_DIR; };
		8675576C28B2299F00CBF40E /* CoreMedia.framework */ = {isa = PBXFileReference; lastKnownFileType = wrapper.framework; name = CoreMedia.framework; path = Platforms/iPhoneOS.platform/Developer/SDKs/iPhoneOS15.0.sdk/System/Library/Frameworks/CoreMedia.framework; sourceTree = DEVELOPER_DIR; };
		8675576E28B229D900CBF40E /* MobileCoreServices.framework */ = {isa = PBXFileReference; lastKnownFileType = wrapper.framework; name = MobileCoreServices.framework; path = Platforms/iPhoneOS.platform/Developer/SDKs/iPhoneOS15.0.sdk/System/Library/Frameworks/MobileCoreServices.framework; sourceTree = DEVELOPER_DIR; };
		8675577028B229E600CBF40E /* SystemConfiguration.framework */ = {isa = PBXFileReference; lastKnownFileType = wrapper.framework; name = SystemConfiguration.framework; path = Platforms/iPhoneOS.platform/Developer/SDKs/iPhoneOS15.0.sdk/System/Library/Frameworks/SystemConfiguration.framework; sourceTree = DEVELOPER_DIR; };
		8675577228B22ADE00CBF40E /* UIKit.framework */ = {isa = PBXFileReference; lastKnownFileType = wrapper.framework; name = UIKit.framework; path = Platforms/iPhoneOS.platform/Developer/SDKs/iPhoneOS15.0.sdk/System/Library/Frameworks/UIKit.framework; sourceTree = DEVELOPER_DIR; };
		8675577428B22AF800CBF40E /* CoreMotion.framework */ = {isa = PBXFileReference; lastKnownFileType = wrapper.framework; name = CoreMotion.framework; path = Platforms/iPhoneOS.platform/Developer/SDKs/iPhoneOS15.0.sdk/System/Library/Frameworks/CoreMotion.framework; sourceTree = DEVELOPER_DIR; };
		8675577628B22B1A00CBF40E /* CoreText.framework */ = {isa = PBXFileReference; lastKnownFileType = wrapper.framework; name = CoreText.framework; path = Platforms/iPhoneOS.platform/Developer/SDKs/iPhoneOS15.0.sdk/System/Library/Frameworks/CoreText.framework; sourceTree = DEVELOPER_DIR; };
		8675577828B22BBA00CBF40E /* Metal.framework */ = {isa = PBXFileReference; lastKnownFileType = wrapper.framework; name = Metal.framework; path = Platforms/iPhoneOS.platform/Developer/SDKs/iPhoneOS15.0.sdk/System/Library/Frameworks/Metal.framework; sourceTree = DEVELOPER_DIR; };
		867B7C9328B3C5B200C63AD5 /* RootViewController.mm */ = {isa = PBXFileReference; fileEncoding = 4; lastKnownFileType = sourcecode.cpp.objcpp; path = RootViewController.mm; sourceTree = "<group>"; };
		867B7C9428B3C5B200C63AD5 /* AppController.h */ = {isa = PBXFileReference; fileEncoding = 4; lastKnownFileType = sourcecode.c.h; path = AppController.h; sourceTree = "<group>"; };
		867B7C9528B3C5B200C63AD5 /* RootViewController.h */ = {isa = PBXFileReference; fileEncoding = 4; lastKnownFileType = sourcecode.c.h; path = RootViewController.h; sourceTree = "<group>"; };
		867B7C9628B3C5B200C63AD5 /* AppController.mm */ = {isa = PBXFileReference; fileEncoding = 4; lastKnownFileType = sourcecode.cpp.objcpp; path = AppController.mm; sourceTree = "<group>"; };
		867B7CCC28B3C86400C63AD5 /* AdmobIOSWrapper.h */ = {isa = PBXFileReference; lastKnownFileType = sourcecode.c.h; path = AdmobIOSWrapper.h; sourceTree = "<group>"; };
		867B7CCD28B3C89700C63AD5 /* AdmobIOSWrapper.m */ = {isa = PBXFileReference; explicitFileType = sourcecode.cpp.objcpp; path = AdmobIOSWrapper.m; sourceTree = "<group>"; };
		867B7CD328B3CB9000C63AD5 /* AdmobIOS.h */ = {isa = PBXFileReference; lastKnownFileType = sourcecode.c.h; path = AdmobIOS.h; sourceTree = "<group>"; };
		867B7CD628B3CBB700C63AD5 /* AdmobIOS.mm */ = {isa = PBXFileReference; explicitFileType = sourcecode.cpp.objcpp; path = AdmobIOS.mm; sourceTree = "<group>"; };
		867B7CF028B3CDE600C63AD5 /* JavaScriptCore.framework */ = {isa = PBXFileReference; lastKnownFileType = wrapper.framework; name = JavaScriptCore.framework; path = Platforms/iPhoneOS.platform/Developer/SDKs/iPhoneOS15.0.sdk/System/Library/Frameworks/JavaScriptCore.framework; sourceTree = DEVELOPER_DIR; };
		867B7CF228B3CE0F00C63AD5 /* GameController.framework */ = {isa = PBXFileReference; lastKnownFileType = wrapper.framework; name = GameController.framework; path = Platforms/iPhoneOS.platform/Developer/SDKs/iPhoneOS15.0.sdk/System/Library/Frameworks/GameController.framework; sourceTree = DEVELOPER_DIR; };
		86839D57296E9D0E0016242E /* CustomUserDefault.cpp */ = {isa = PBXFileReference; lastKnownFileType = sourcecode.cpp.cpp; path = CustomUserDefault.cpp; sourceTree = "<group>"; };
		86839D58296E9D0E0016242E /* CustomUserDefault.h */ = {isa = PBXFileReference; lastKnownFileType = sourcecode.c.h; path = CustomUserDefault.h; sourceTree = "<group>"; };
		869C14F9294E4CA10010921A /* LevelScene.h */ = {isa = PBXFileReference; fileEncoding = 4; lastKnownFileType = sourcecode.c.h; path = LevelScene.h; sourceTree = "<group>"; };
		869C14FA294E4CA10010921A /* AdmobManager.h */ = {isa = PBXFileReference; fileEncoding = 4; lastKnownFileType = sourcecode.c.h; path = AdmobManager.h; sourceTree = "<group>"; };
		869C14FC294E4CA10010921A /* HelpScene.cpp */ = {isa = PBXFileReference; fileEncoding = 4; lastKnownFileType = sourcecode.cpp.cpp; path = HelpScene.cpp; sourceTree = "<group>"; };
		869C14FD294E4CA10010921A /* DataGame.cpp */ = {isa = PBXFileReference; fileEncoding = 4; lastKnownFileType = sourcecode.cpp.cpp; path = DataGame.cpp; sourceTree = "<group>"; };
		869C14FE294E4CA10010921A /* LevelGame.cpp */ = {isa = PBXFileReference; fileEncoding = 4; lastKnownFileType = sourcecode.cpp.cpp; path = LevelGame.cpp; sourceTree = "<group>"; };
		869C14FF294E4CA10010921A /* AndroidScene.h */ = {isa = PBXFileReference; fileEncoding = 4; lastKnownFileType = sourcecode.c.h; path = AndroidScene.h; sourceTree = "<group>"; };
		869C1500294E4CA10010921A /* GameObject.h */ = {isa = PBXFileReference; fileEncoding = 4; lastKnownFileType = sourcecode.c.h; path = GameObject.h; sourceTree = "<group>"; };
		869C1501294E4CA10010921A /* GameScene.h */ = {isa = PBXFileReference; fileEncoding = 4; lastKnownFileType = sourcecode.c.h; path = GameScene.h; sourceTree = "<group>"; };
		869C1502294E4CA10010921A /* GameObject.cpp */ = {isa = PBXFileReference; fileEncoding = 4; lastKnownFileType = sourcecode.cpp.cpp; path = GameObject.cpp; sourceTree = "<group>"; };
		869C1503294E4CA10010921A /* LevelGame.h */ = {isa = PBXFileReference; fileEncoding = 4; lastKnownFileType = sourcecode.c.h; path = LevelGame.h; sourceTree = "<group>"; };
		869C1504294E4CA10010921A /* ModeGameScene.cpp */ = {isa = PBXFileReference; fileEncoding = 4; lastKnownFileType = sourcecode.cpp.cpp; path = ModeGameScene.cpp; sourceTree = "<group>"; };
		869C1506294E4CA10010921A /* AdmobManager.cpp */ = {isa = PBXFileReference; fileEncoding = 4; lastKnownFileType = sourcecode.cpp.cpp; path = AdmobManager.cpp; sourceTree = "<group>"; };
		869C1507294E4CA10010921A /* GameScene.cpp */ = {isa = PBXFileReference; fileEncoding = 4; lastKnownFileType = sourcecode.cpp.cpp; path = GameScene.cpp; sourceTree = "<group>"; };
		869C1508294E4CA10010921A /* DataGame.h */ = {isa = PBXFileReference; fileEncoding = 4; lastKnownFileType = sourcecode.c.h; path = DataGame.h; sourceTree = "<group>"; };
		869C1509294E4CA10010921A /* HomeScene.cpp */ = {isa = PBXFileReference; fileEncoding = 4; lastKnownFileType = sourcecode.cpp.cpp; path = HomeScene.cpp; sourceTree = "<group>"; };
		869C150A294E4CA10010921A /* ModeGameScene.h */ = {isa = PBXFileReference; fileEncoding = 4; lastKnownFileType = sourcecode.c.h; path = ModeGameScene.h; sourceTree = "<group>"; };
		869C150B294E4CA10010921A /* LevelScene.cpp */ = {isa = PBXFileReference; fileEncoding = 4; lastKnownFileType = sourcecode.cpp.cpp; path = LevelScene.cpp; sourceTree = "<group>"; };
		869C150C294E4CA10010921A /* HomeScene.h */ = {isa = PBXFileReference; fileEncoding = 4; lastKnownFileType = sourcecode.c.h; path = HomeScene.h; sourceTree = "<group>"; };
		869C150D294E4CA10010921A /* GameBoard.cpp */ = {isa = PBXFileReference; fileEncoding = 4; lastKnownFileType = sourcecode.cpp.cpp; path = GameBoard.cpp; sourceTree = "<group>"; };
		869C150E294E4CA10010921A /* GameBoard.h */ = {isa = PBXFileReference; fileEncoding = 4; lastKnownFileType = sourcecode.c.h; path = GameBoard.h; sourceTree = "<group>"; };
		869C150F294E4CA10010921A /* HelpScene.h */ = {isa = PBXFileReference; fileEncoding = 4; lastKnownFileType = sourcecode.c.h; path = HelpScene.h; sourceTree = "<group>"; };
		869C1510294E4CA10010921A /* AndroidScene.cpp */ = {isa = PBXFileReference; fileEncoding = 4; lastKnownFileType = sourcecode.cpp.cpp; path = AndroidScene.cpp; sourceTree = "<group>"; };
		869C1520294E59E70010921A /* LaunchScreen.storyboard */ = {isa = PBXFileReference; fileEncoding = 4; lastKnownFileType = file.storyboard; name = LaunchScreen.storyboard; path = ios/LaunchScreen.storyboard; sourceTree = SOURCE_ROOT; };
		869C1522294E5ACF0010921A /* launching-screen.png */ = {isa = PBXFileReference; lastKnownFileType = image.png; name = "launching-screen.png"; path = "ios/launching-screen.png"; sourceTree = SOURCE_ROOT; };
		869C1524294E5BC10010921A /* Info.plist */ = {isa = PBXFileReference; lastKnownFileType = text.plist; name = Info.plist; path = ios/Info.plist; sourceTree = SOURCE_ROOT; };
		869C152C294E603F0010921A /* Image.xcassets */ = {isa = PBXFileReference; lastKnownFileType = folder.assetcatalog; name = Image.xcassets; path = ios/Image.xcassets; sourceTree = SOURCE_ROOT; };
		B75930B81DECE5D70094B2F9 /* GameDefine.h */ = {isa = PBXFileReference; lastKnownFileType = sourcecode.c.h; path = GameDefine.h; sourceTree = "<group>"; };
		B77175971DFC49E000410C8D /* imageHomeScene */ = {isa = PBXFileReference; lastKnownFileType = folder; path = imageHomeScene; sourceTree = "<group>"; };
		B7F5F9871DFC4A360044E678 /* imageLevelScene */ = {isa = PBXFileReference; lastKnownFileType = folder; path = imageLevelScene; sourceTree = "<group>"; };
		B7F5F9891DFC4A6F0044E678 /* data */ = {isa = PBXFileReference; lastKnownFileType = folder; path = data; sourceTree = "<group>"; };
		BF170DB012928DE900B8313A /* OpenGLES.framework */ = {isa = PBXFileReference; lastKnownFileType = wrapper.framework; name = OpenGLES.framework; path = System/Library/Frameworks/OpenGLES.framework; sourceTree = SDKROOT; };
		BF170DB412928DE900B8313A /* libz.dylib */ = {isa = PBXFileReference; lastKnownFileType = "compiled.mach-o.dylib"; name = libz.dylib; path = usr/lib/libz.dylib; sourceTree = SDKROOT; };
		BF1C47EA1293683800B63C5D /* QuartzCore.framework */ = {isa = PBXFileReference; lastKnownFileType = wrapper.framework; name = QuartzCore.framework; path = System/Library/Frameworks/QuartzCore.framework; sourceTree = SDKROOT; };
		D44C620B132DFF330009C878 /* OpenAL.framework */ = {isa = PBXFileReference; lastKnownFileType = wrapper.framework; name = OpenAL.framework; path = System/Library/Frameworks/OpenAL.framework; sourceTree = SDKROOT; };
		D44C620D132DFF430009C878 /* AVFoundation.framework */ = {isa = PBXFileReference; lastKnownFileType = wrapper.framework; name = AVFoundation.framework; path = System/Library/Frameworks/AVFoundation.framework; sourceTree = SDKROOT; };
		D44C620F132DFF4E0009C878 /* AudioToolbox.framework */ = {isa = PBXFileReference; lastKnownFileType = wrapper.framework; name = AudioToolbox.framework; path = System/Library/Frameworks/AudioToolbox.framework; sourceTree = SDKROOT; };
		D6B0611A1803AB670077942B /* CoreMotion.framework */ = {isa = PBXFileReference; lastKnownFileType = wrapper.framework; name = CoreMotion.framework; path = Platforms/iPhoneOS.platform/Developer/SDKs/iPhoneOS7.0.sdk/System/Library/Frameworks/CoreMotion.framework; sourceTree = DEVELOPER_DIR; };
		ED545A7B1B68A1F400C3958E /* libiconv.dylib */ = {isa = PBXFileReference; lastKnownFileType = "compiled.mach-o.dylib"; name = libiconv.dylib; path = Platforms/iPhoneOS.platform/Developer/SDKs/iPhoneOS8.4.sdk/usr/lib/libiconv.dylib; sourceTree = DEVELOPER_DIR; };
		ED545A7D1B68A1FA00C3958E /* libiconv.dylib */ = {isa = PBXFileReference; lastKnownFileType = "compiled.mach-o.dylib"; name = libiconv.dylib; path = usr/lib/libiconv.dylib; sourceTree = SDKROOT; };
/* End PBXFileReference section */

/* Begin PBXFrameworksBuildPhase section */
		1D60588F0D05DD3D006BFB54 /* Frameworks */ = {
			isa = PBXFrameworksBuildPhase;
			buildActionMask = 2147483647;
			files = (
				867B7CF328B3CE0F00C63AD5 /* GameController.framework in Frameworks */,
				861A982D2968F73D009A2A91 /* UserMessagingPlatform.xcframework in Frameworks */,
				867B7CF128B3CDE600C63AD5 /* JavaScriptCore.framework in Frameworks */,
				8675577A28B22EB600CBF40E /* OpenGLES.framework in Frameworks */,
				8675577728B22B1A00CBF40E /* CoreText.framework in Frameworks */,
				8675577528B22AF800CBF40E /* CoreMotion.framework in Frameworks */,
				8675577328B22ADE00CBF40E /* UIKit.framework in Frameworks */,
				861A982F2968F73D009A2A91 /* GoogleAppMeasurement.xcframework in Frameworks */,
				ED545A7C1B68A1F400C3958E /* libiconv.dylib in Frameworks */,
				861A98262968F73D009A2A91 /* nanopb.xcframework in Frameworks */,
				1AC6FB30180E99EB004C840B /* libcocos2d iOS.a in Frameworks */,
				861A982C2968F73D009A2A91 /* PromisesObjC.xcframework in Frameworks */,
				861A982E2968F73D009A2A91 /* GoogleMobileAds.xcframework in Frameworks */,
				1D60589F0D05DD5A006BFB54 /* Foundation.framework in Frameworks */,
				861A982B2968F73D009A2A91 /* GoogleAppMeasurementIdentitySupport.xcframework in Frameworks */,
				861A98302968F73D009A2A91 /* GoogleUtilities.xcframework in Frameworks */,
				288765A50DF7441C002DB57D /* CoreGraphics.framework in Frameworks */,
				BF1712471292920000B8313A /* libz.dylib in Frameworks */,
				BF1C47F01293687400B63C5D /* QuartzCore.framework in Frameworks */,
				D44C620C132DFF330009C878 /* OpenAL.framework in Frameworks */,
				D44C620E132DFF430009C878 /* AVFoundation.framework in Frameworks */,
				D44C6210132DFF4E0009C878 /* AudioToolbox.framework in Frameworks */,
			);
			runOnlyForDeploymentPostprocessing = 0;
		};
/* End PBXFrameworksBuildPhase section */

/* Begin PBXGroup section */
		080E96DDFE201D6D7F000001 /* ios */ = {
			isa = PBXGroup;
			children = (
				861A98192968F73D009A2A91 /* GoogleMobileAdsSdkiOS-9.14.0 */,
				869C152C294E603F0010921A /* Image.xcassets */,
				869C1524294E5BC10010921A /* Info.plist */,
				869C1522294E5ACF0010921A /* launching-screen.png */,
				869C1520294E59E70010921A /* LaunchScreen.storyboard */,
				867B7C9228B3C5B200C63AD5 /* Classes */,
				503AE0FC17EB989F00D1A890 /* main.m */,
				503AE0FD17EB989F00D1A890 /* Prefix.pch */,
			);
			name = ios;
			path = Classes;
			sourceTree = "<group>";
		};
		19C28FACFE9D520D11CA2CBB /* Products */ = {
			isa = PBXGroup;
			children = (
				1D6058910D05DD3D006BFB54 /* SlideBlockPuzzle.app */,
			);
			name = Products;
			sourceTree = "<group>";
		};
		1AC6FAE6180E9839004C840B /* Products */ = {
			isa = PBXGroup;
			children = (
				1AC6FB07180E9839004C840B /* libcocos2d iOS.a */,
			);
			name = Products;
			sourceTree = "<group>";
		};
		29B97314FDCFA39411CA2CEA /* CustomTemplate */ = {
			isa = PBXGroup;
			children = (
				46880B8319C43A87006E1F66 /* Classes */,
				46880B7519C43A67006E1F66 /* Resources */,
				1AC6FAE5180E9839004C840B /* cocos2d_libs.xcodeproj */,
				29B97323FDCFA39411CA2CEA /* Frameworks */,
				080E96DDFE201D6D7F000001 /* ios */,
				503AE10617EB990700D1A890 /* mac */,
				19C28FACFE9D520D11CA2CBB /* Products */,
			);
			name = CustomTemplate;
			sourceTree = "<group>";
		};
		29B97323FDCFA39411CA2CEA /* Frameworks */ = {
			isa = PBXGroup;
			children = (
				867B7CF228B3CE0F00C63AD5 /* GameController.framework */,
				867B7CF028B3CDE600C63AD5 /* JavaScriptCore.framework */,
				8675577828B22BBA00CBF40E /* Metal.framework */,
				8675577628B22B1A00CBF40E /* CoreText.framework */,
				8675577428B22AF800CBF40E /* CoreMotion.framework */,
				8675577228B22ADE00CBF40E /* UIKit.framework */,
				8675577028B229E600CBF40E /* SystemConfiguration.framework */,
				8675576E28B229D900CBF40E /* MobileCoreServices.framework */,
				8675576C28B2299F00CBF40E /* CoreMedia.framework */,
				8675576A28B2299500CBF40E /* MediaPlayer.framework */,
				8675576828B2293C00CBF40E /* OpenGLES.framework */,
				7FFD6C551EC9F2F700509C76 /* CoreText.framework */,
				7FFD6C531EC9ECCE00509C76 /* AdSupport.framework */,
				7FFD6C511EC9ECC200509C76 /* GLKit.framework */,
				7FFD6C4F1EC9ECB100509C76 /* SystemConfiguration.framework */,
				7FFD6C4D1EC9ECAC00509C76 /* StoreKit.framework */,
				7FFD6C4B1EC9ECA600509C76 /* MessageUI.framework */,
				7FFD6C491EC9ECA000509C76 /* Security.framework */,
				7FFD6C471EC9EC9A00509C76 /* CoreMotion.framework */,
				7FFD6C451EC9EC9100509C76 /* UIKit.framework */,
				7FFD6C431EC9EC8900509C76 /* OpenGLES.framework */,
				7FFD6C411EC9EC7700509C76 /* GoogleMobileAds.framework */,
				7FB1EF4F1E7B17CB003D3F04 /* GameKit.framework */,
				7FB1EF481E7AF252003D3F04 /* CoreVideo.framework */,
				7FB1EF461E7AF244003D3F04 /* AVKit.framework */,
				7FB1EF431E7AF1EE003D3F04 /* Security.framework */,
				7FB1EF411E7AF1DB003D3F04 /* CoreMotion.framework */,
				7FB1EF3F1E7AF1A4003D3F04 /* MobileCoreServices.framework */,
				7FB1EF3B1E7AF185003D3F04 /* GameController.framework */,
				7FB1EF381E7AF0F5003D3F04 /* SafariServices.framework */,
				7FB1EF361E7AF0C0003D3F04 /* EventKitUI.framework */,
				7FB1EF341E7AF0B7003D3F04 /* EventKit.framework */,
				7FB1EF321E7AF0B2003D3F04 /* CoreMedia.framework */,
				7FB1EF301E7AF057003D3F04 /* OpenGLES.framework */,
				7FB1EF2E1E7AF02B003D3F04 /* CoreTelephony.framework */,
				7FB1EF2C1E7AEFEE003D3F04 /* CFNetwork.framework */,
				7FB1EF2A1E7AEFB7003D3F04 /* AdSupport.framework */,
				7FB1EF281E7AEF8D003D3F04 /* GLKit.framework */,
				7FB1EF261E7AEF57003D3F04 /* SystemConfiguration.framework */,
				7FB1EF241E7AEF4C003D3F04 /* StoreKit.framework */,
				7FB1EF221E7AEF47003D3F04 /* MessageUI.framework */,
				7FB1EF201E7AEF06003D3F04 /* MediaPlayer.framework */,
				7FB1EF1E1E7AEE7F003D3F04 /* GoogleMobileAds.framework */,
				ED545A7D1B68A1FA00C3958E /* libiconv.dylib */,
				ED545A7B1B68A1F400C3958E /* libiconv.dylib */,
				8262943D1AAF051F00CB7CF7 /* Security.framework */,
				52B47A461A53D09B004E4C60 /* Security.framework */,
				D6B0611A1803AB670077942B /* CoreMotion.framework */,
				503AE11A17EB9C5A00D1A890 /* IOKit.framework */,
				503AE11117EB99EE00D1A890 /* libcurl.dylib */,
				5087E78A17EB975400C73F5D /* OpenGL.framework */,
				5087E78817EB974C00C73F5D /* AppKit.framework */,
				1ACB3243164770DE00914215 /* libcurl.a */,
				BF170DB412928DE900B8313A /* libz.dylib */,
				D44C620F132DFF4E0009C878 /* AudioToolbox.framework */,
				D44C620D132DFF430009C878 /* AVFoundation.framework */,
				288765A40DF7441C002DB57D /* CoreGraphics.framework */,
				1D30AB110D05D00D00671497 /* Foundation.framework */,
				D44C620B132DFF330009C878 /* OpenAL.framework */,
				BF170DB012928DE900B8313A /* OpenGLES.framework */,
				BF1C47EA1293683800B63C5D /* QuartzCore.framework */,
				1DF5F4DF0D08C38300B7A737 /* UIKit.framework */,
			);
			name = Frameworks;
			sourceTree = "<group>";
		};
		46880B7519C43A67006E1F66 /* Resources */ = {
			isa = PBXGroup;
			children = (
				7F08C99E1E6FDDBD00F4D11D /* imagePopUp-Pause */,
				7F08C9981E6FC92D00F4D11D /* iconGame */,
				7F08C9961E6FBF4A00F4D11D /* imageInGameScene */,
				7FEBB9B21E6EFC0700AB48C1 /* imageModeGameScene */,
				7FEBB99A1E6EA11E00AB48C1 /* imageHelpScene */,
				B7F5F9891DFC4A6F0044E678 /* data */,
				B7F5F9871DFC4A360044E678 /* imageLevelScene */,
				B77175971DFC49E000410C8D /* imageHomeScene */,
				521A8EA819F11F5000D177D7 /* fonts */,
			);
			name = Resources;
			path = ../Resources;
			sourceTree = "<group>";
		};
		46880B8319C43A87006E1F66 /* Classes */ = {
			isa = PBXGroup;
			children = (
				46880B8519C43A87006E1F66 /* AppDelegate.h */,
				46880B8419C43A87006E1F66 /* AppDelegate.cpp */,
				869C14FA294E4CA10010921A /* AdmobManager.h */,
				869C1506294E4CA10010921A /* AdmobManager.cpp */,
				869C14FF294E4CA10010921A /* AndroidScene.h */,
				869C1510294E4CA10010921A /* AndroidScene.cpp */,
				869C14FD294E4CA10010921A /* DataGame.cpp */,
				869C1508294E4CA10010921A /* DataGame.h */,
				B75930B81DECE5D70094B2F9 /* GameDefine.h */,
				869C150D294E4CA10010921A /* GameBoard.cpp */,
				869C150E294E4CA10010921A /* GameBoard.h */,
				869C1502294E4CA10010921A /* GameObject.cpp */,
				869C1500294E4CA10010921A /* GameObject.h */,
				869C1503294E4CA10010921A /* LevelGame.h */,
				869C14FE294E4CA10010921A /* LevelGame.cpp */,
				869C14F9294E4CA10010921A /* LevelScene.h */,
				869C150B294E4CA10010921A /* LevelScene.cpp */,
				869C150A294E4CA10010921A /* ModeGameScene.h */,
				869C1504294E4CA10010921A /* ModeGameScene.cpp */,
				869C150F294E4CA10010921A /* HelpScene.h */,
				869C14FC294E4CA10010921A /* HelpScene.cpp */,
				869C150C294E4CA10010921A /* HomeScene.h */,
				869C1509294E4CA10010921A /* HomeScene.cpp */,
				869C1501294E4CA10010921A /* GameScene.h */,
				869C1507294E4CA10010921A /* GameScene.cpp */,
				86839D58296E9D0E0016242E /* CustomUserDefault.h */,
				86839D57296E9D0E0016242E /* CustomUserDefault.cpp */,
			);
			name = Classes;
			path = ../Classes;
			sourceTree = "<group>";
		};
		503AE0F517EB97AB00D1A890 /* Icons */ = {
			isa = PBXGroup;
			children = (
				503AE0F617EB97AB00D1A890 /* Icon.icns */,
				503AE0F717EB97AB00D1A890 /* Info.plist */,
			);
			name = Icons;
			path = mac;
			sourceTree = SOURCE_ROOT;
		};
		503AE10617EB990700D1A890 /* mac */ = {
			isa = PBXGroup;
			children = (
				503AE0F517EB97AB00D1A890 /* Icons */,
				503AE10317EB98FF00D1A890 /* main.cpp */,
				503AE10417EB98FF00D1A890 /* Prefix.pch */,
			);
			name = mac;
			sourceTree = "<group>";
		};
		861A98192968F73D009A2A91 /* GoogleMobileAdsSdkiOS-9.14.0 */ = {
			isa = PBXGroup;
			children = (
				861A981A2968F73D009A2A91 /* nanopb.xcframework */,
				861A981B2968F73D009A2A91 /* Licenses */,
				861A98202968F73D009A2A91 /* GoogleAppMeasurementIdentitySupport.xcframework */,
				861A98212968F73D009A2A91 /* PromisesObjC.xcframework */,
				861A98222968F73D009A2A91 /* UserMessagingPlatform.xcframework */,
				861A98232968F73D009A2A91 /* GoogleMobileAds.xcframework */,
				861A98242968F73D009A2A91 /* GoogleAppMeasurement.xcframework */,
				861A98252968F73D009A2A91 /* GoogleUtilities.xcframework */,
			);
			path = "GoogleMobileAdsSdkiOS-9.14.0";
			sourceTree = SOURCE_ROOT;
		};
		861A981B2968F73D009A2A91 /* Licenses */ = {
			isa = PBXGroup;
			children = (
				861A981C2968F73D009A2A91 /* Promises-LICENSE */,
				861A981D2968F73D009A2A91 /* NanoPB-LICENSE */,
				861A981E2968F73D009A2A91 /* OpenMeasurement-LICENSE */,
				861A981F2968F73D009A2A91 /* GoogleUtilities-LICENSE */,
			);
			path = Licenses;
			sourceTree = "<group>";
		};
		867B7C9228B3C5B200C63AD5 /* Classes */ = {
			isa = PBXGroup;
			children = (
				867B7C9428B3C5B200C63AD5 /* AppController.h */,
				867B7C9628B3C5B200C63AD5 /* AppController.mm */,
				867B7C9328B3C5B200C63AD5 /* RootViewController.mm */,
				867B7C9528B3C5B200C63AD5 /* RootViewController.h */,
				867B7CCC28B3C86400C63AD5 /* AdmobIOSWrapper.h */,
				867B7CCD28B3C89700C63AD5 /* AdmobIOSWrapper.m */,
				867B7CD328B3CB9000C63AD5 /* AdmobIOS.h */,
				867B7CD628B3CBB700C63AD5 /* AdmobIOS.mm */,
			);
			name = Classes;
			path = ios/Classes;
			sourceTree = SOURCE_ROOT;
		};
/* End PBXGroup section */

/* Begin PBXNativeTarget section */
		1D6058900D05DD3D006BFB54 /* SlideBlockPuzzle */ = {
			isa = PBXNativeTarget;
			buildConfigurationList = 1D6058960D05DD3E006BFB54 /* Build configuration list for PBXNativeTarget "SlideBlockPuzzle" */;
			buildPhases = (
				1D60588D0D05DD3D006BFB54 /* Resources */,
				1D60588E0D05DD3D006BFB54 /* Sources */,
				1D60588F0D05DD3D006BFB54 /* Frameworks */,
			);
			buildRules = (
			);
			dependencies = (
				1AC6FB25180E99E1004C840B /* PBXTargetDependency */,
			);
			name = SlideBlockPuzzle;
			productName = iphone;
			productReference = 1D6058910D05DD3D006BFB54 /* SlideBlockPuzzle.app */;
			productType = "com.apple.product-type.application";
		};
/* End PBXNativeTarget section */

/* Begin PBXProject section */
		29B97313FDCFA39411CA2CEA /* Project object */ = {
			isa = PBXProject;
			attributes = {
				LastUpgradeCheck = 1310;
				TargetAttributes = {
					1D6058900D05DD3D006BFB54 = {
						DevelopmentTeam = 6QDW32DV2Z;
						ProvisioningStyle = Automatic;
						SystemCapabilities = {
							com.apple.GameCenter = {
								enabled = 1;
							};
							com.apple.InAppPurchase = {
								enabled = 1;
							};
						};
					};
				};
			};
			buildConfigurationList = C01FCF4E08A954540054247B /* Build configuration list for PBXProject "SlideBlockPuzzle" */;
			compatibilityVersion = "Xcode 3.2";
			developmentRegion = en;
			hasScannedForEncodings = 1;
			knownRegions = (
				en,
				ja,
				fr,
				de,
				Base,
			);
			mainGroup = 29B97314FDCFA39411CA2CEA /* CustomTemplate */;
			projectDirPath = "";
			projectReferences = (
				{
					ProductGroup = 1AC6FAE6180E9839004C840B /* Products */;
					ProjectRef = 1AC6FAE5180E9839004C840B /* cocos2d_libs.xcodeproj */;
				},
			);
			projectRoot = "";
			targets = (
				1D6058900D05DD3D006BFB54 /* SlideBlockPuzzle */,
			);
		};
/* End PBXProject section */

/* Begin PBXReferenceProxy section */
		1AC6FB07180E9839004C840B /* libcocos2d iOS.a */ = {
			isa = PBXReferenceProxy;
			fileType = archive.ar;
			path = "libcocos2d iOS.a";
			remoteRef = 1AC6FB06180E9839004C840B /* PBXContainerItemProxy */;
			sourceTree = BUILT_PRODUCTS_DIR;
		};
/* End PBXReferenceProxy section */

/* Begin PBXResourcesBuildPhase section */
		1D60588D0D05DD3D006BFB54 /* Resources */ = {
			isa = PBXResourcesBuildPhase;
			buildActionMask = 2147483647;
			files = (
				861A982A2968F73D009A2A91 /* GoogleUtilities-LICENSE in Resources */,
				7FEBB99B1E6EA11E00AB48C1 /* imageHelpScene in Resources */,
				861A98272968F73D009A2A91 /* Promises-LICENSE in Resources */,
				7F08C9971E6FBF4A00F4D11D /* imageInGameScene in Resources */,
				B77175981DFC49E000410C8D /* imageHomeScene in Resources */,
				869C1523294E5ACF0010921A /* launching-screen.png in Resources */,
				861A98292968F73D009A2A91 /* OpenMeasurement-LICENSE in Resources */,
				B7F5F9881DFC4A360044E678 /* imageLevelScene in Resources */,
				7F08C9991E6FC92D00F4D11D /* iconGame in Resources */,
				B7F5F98A1DFC4A6F0044E678 /* data in Resources */,
				521A8EA919F11F5000D177D7 /* fonts in Resources */,
				7FEBB9B31E6EFC0700AB48C1 /* imageModeGameScene in Resources */,
				861A98282968F73D009A2A91 /* NanoPB-LICENSE in Resources */,
				7F08C99F1E6FDDBD00F4D11D /* imagePopUp-Pause in Resources */,
				869C152D294E603F0010921A /* Image.xcassets in Resources */,
				869C1521294E59E70010921A /* LaunchScreen.storyboard in Resources */,
			);
			runOnlyForDeploymentPostprocessing = 0;
		};
/* End PBXResourcesBuildPhase section */

/* Begin PBXSourcesBuildPhase section */
		1D60588E0D05DD3D006BFB54 /* Sources */ = {
			isa = PBXSourcesBuildPhase;
			buildActionMask = 2147483647;
			files = (
				869C151C294E4CA10010921A /* AndroidScene.cpp in Sources */,
				867B7C9728B3C5B200C63AD5 /* RootViewController.mm in Sources */,
				869C1512294E4CA10010921A /* DataGame.cpp in Sources */,
				869C1513294E4CA10010921A /* LevelGame.cpp in Sources */,
				867B7CD728B3CBB700C63AD5 /* AdmobIOS.mm in Sources */,
				869C1518294E4CA10010921A /* GameScene.cpp in Sources */,
				869C151A294E4CA10010921A /* LevelScene.cpp in Sources */,
				869C1514294E4CA10010921A /* GameObject.cpp in Sources */,
				869C1515294E4CA10010921A /* ModeGameScene.cpp in Sources */,
				867B7CCE28B3C89700C63AD5 /* AdmobIOSWrapper.m in Sources */,
				869C1511294E4CA10010921A /* HelpScene.cpp in Sources */,
				46880B8819C43A87006E1F66 /* AppDelegate.cpp in Sources */,
				869C1519294E4CA10010921A /* HomeScene.cpp in Sources */,
				86839D59296E9D0E0016242E /* CustomUserDefault.cpp in Sources */,
				867B7C9828B3C5B200C63AD5 /* AppController.mm in Sources */,
				869C151B294E4CA10010921A /* GameBoard.cpp in Sources */,
				869C1517294E4CA10010921A /* AdmobManager.cpp in Sources */,
				503AE10117EB989F00D1A890 /* main.m in Sources */,
			);
			runOnlyForDeploymentPostprocessing = 0;
		};
/* End PBXSourcesBuildPhase section */

/* Begin PBXTargetDependency section */
		1AC6FB25180E99E1004C840B /* PBXTargetDependency */ = {
			isa = PBXTargetDependency;
			name = "cocos2dx iOS";
			targetProxy = 1AC6FB24180E99E1004C840B /* PBXContainerItemProxy */;
		};
/* End PBXTargetDependency section */

/* Begin XCBuildConfiguration section */
		1D6058940D05DD3E006BFB54 /* Debug */ = {
			isa = XCBuildConfiguration;
			buildSettings = {
				ALWAYS_SEARCH_USER_PATHS = NO;
				ASSETCATALOG_COMPILER_APPICON_NAME = AppIcon;
				ASSETCATALOG_COMPILER_INCLUDE_ALL_APPICON_ASSETS = YES;
				CLANG_ENABLE_OBJC_WEAK = YES;
				CODE_SIGN_IDENTITY = "Apple Development";
				"CODE_SIGN_IDENTITY[sdk=iphoneos*]" = "Apple Development";
				CODE_SIGN_INJECT_BASE_ENTITLEMENTS = YES;
				CODE_SIGN_STYLE = Automatic;
				COMPRESS_PNG_FILES = NO;
				CURRENT_PROJECT_VERSION = 1.0;
				DEVELOPMENT_TEAM = 6QDW32DV2Z;
				ENABLE_BITCODE = NO;
				FRAMEWORK_SEARCH_PATHS = "$(inherited)";
				GCC_DYNAMIC_NO_PIC = NO;
				GCC_INLINES_ARE_PRIVATE_EXTERN = NO;
				GCC_PRECOMPILE_PREFIX_HEADER = YES;
				GCC_PREFIX_HEADER = ios/Prefix.pch;
				GCC_PREPROCESSOR_DEFINITIONS = (
					USE_FILE32API,
					CC_TARGET_OS_IPHONE,
					"COCOS2D_DEBUG=1",
					"CC_ENABLE_CHIPMUNK_INTEGRATION=1",
				);
				GCC_SYMBOLS_PRIVATE_EXTERN = NO;
				HEADER_SEARCH_PATHS = (
					"$(inherited)",
					"$(SRCROOT)/../cocos2d/cocos/platform/ios",
					"$(SRCROOT)/../cocos2d/cocos/platform/ios/Simulation",
				);
				INFOPLIST_FILE = ios/Info.plist;
				INFOPLIST_KEY_CFBundleDisplayName = SlideBlockPuzzle;
				INFOPLIST_KEY_LSApplicationCategoryType = "public.app-category.games";
				IPHONEOS_DEPLOYMENT_TARGET = 11.0;
				LIBRARY_SEARCH_PATHS = "";
				MARKETING_VERSION = 1.0;
				OTHER_LDFLAGS = (
					"$(_COCOS_LIB_IOS_BEGIN)",
					"$(_COCOS_LIB_IOS_END)",
					"-ObjC",
				);
				PRODUCT_BUNDLE_IDENTIFIER = com.boring.slideblockpuzzle;
				PRODUCT_NAME = SlideBlockPuzzle;
				PROVISIONING_PROFILE = "";
				PROVISIONING_PROFILE_SPECIFIER = "";
				SDKROOT = iphoneos;
				SUPPORTED_PLATFORMS = "iphoneos iphonesimulator";
				SUPPORTS_MACCATALYST = NO;
				SUPPORTS_MAC_DESIGNED_FOR_IPHONE_IPAD = NO;
				TARGETED_DEVICE_FAMILY = 1;
				USER_HEADER_SEARCH_PATHS = (
					"$(_COCOS_HEADER_IOS_BEGIN)",
					"$(_COCOS_HEADER_IOS_END)",
				);
				VALID_ARCHS = "arm64 armv7 x86_64";
			};
			name = Debug;
		};
		1D6058950D05DD3E006BFB54 /* Release */ = {
			isa = XCBuildConfiguration;
			buildSettings = {
				ALWAYS_SEARCH_USER_PATHS = NO;
				ASSETCATALOG_COMPILER_APPICON_NAME = AppIcon;
				ASSETCATALOG_COMPILER_INCLUDE_ALL_APPICON_ASSETS = YES;
				CLANG_ENABLE_OBJC_WEAK = YES;
				CODE_SIGN_IDENTITY = "Apple Development";
				"CODE_SIGN_IDENTITY[sdk=iphoneos*]" = "Apple Development";
				CODE_SIGN_INJECT_BASE_ENTITLEMENTS = YES;
				CODE_SIGN_STYLE = Automatic;
				COMPRESS_PNG_FILES = NO;
				CURRENT_PROJECT_VERSION = 1.0;
				DEVELOPMENT_TEAM = 6QDW32DV2Z;
				ENABLE_BITCODE = NO;
				FRAMEWORK_SEARCH_PATHS = "$(inherited)";
				GCC_INLINES_ARE_PRIVATE_EXTERN = NO;
				GCC_PRECOMPILE_PREFIX_HEADER = YES;
				GCC_PREFIX_HEADER = ios/Prefix.pch;
				GCC_PREPROCESSOR_DEFINITIONS = (
					USE_FILE32API,
					CC_TARGET_OS_IPHONE,
					"CC_ENABLE_CHIPMUNK_INTEGRATION=1",
				);
				GCC_SYMBOLS_PRIVATE_EXTERN = NO;
				HEADER_SEARCH_PATHS = (
					"$(inherited)",
					"$(SRCROOT)/../cocos2d/cocos/platform/ios",
					"$(SRCROOT)/../cocos2d/cocos/platform/ios/Simulation",
				);
				INFOPLIST_FILE = ios/Info.plist;
				INFOPLIST_KEY_CFBundleDisplayName = SlideBlockPuzzle;
				INFOPLIST_KEY_LSApplicationCategoryType = "public.app-category.games";
				IPHONEOS_DEPLOYMENT_TARGET = 11.0;
				LIBRARY_SEARCH_PATHS = "";
				MARKETING_VERSION = 1.0;
				OTHER_LDFLAGS = (
					"$(_COCOS_LIB_IOS_BEGIN)",
					"$(_COCOS_LIB_IOS_END)",
					"-ObjC",
				);
				PRODUCT_BUNDLE_IDENTIFIER = com.boring.slideblockpuzzle;
				PRODUCT_NAME = SlideBlockPuzzle;
				PROVISIONING_PROFILE = "";
				PROVISIONING_PROFILE_SPECIFIER = "";
				SDKROOT = iphoneos;
				SUPPORTED_PLATFORMS = "iphoneos iphonesimulator";
				SUPPORTS_MACCATALYST = NO;
				SUPPORTS_MAC_DESIGNED_FOR_IPHONE_IPAD = NO;
				TARGETED_DEVICE_FAMILY = 1;
				USER_HEADER_SEARCH_PATHS = (
					"$(_COCOS_HEADER_IOS_BEGIN)",
					"$(_COCOS_HEADER_IOS_END)",
				);
				VALID_ARCHS = "arm64 armv7 x86_64";
			};
			name = Release;
		};
		C01FCF4F08A954540054247B /* Debug */ = {
			isa = XCBuildConfiguration;
			buildSettings = {
				CLANG_ANALYZER_LOCALIZABILITY_NONLOCALIZED = YES;
				CLANG_CXX_LANGUAGE_STANDARD = "c++0x";
				CLANG_CXX_LIBRARY = "libc++";
				CLANG_WARN_BLOCK_CAPTURE_AUTORELEASING = YES;
				CLANG_WARN_BOOL_CONVERSION = YES;
				CLANG_WARN_COMMA = YES;
				CLANG_WARN_CONSTANT_CONVERSION = YES;
				CLANG_WARN_DEPRECATED_OBJC_IMPLEMENTATIONS = YES;
				CLANG_WARN_EMPTY_BODY = YES;
				CLANG_WARN_ENUM_CONVERSION = YES;
				CLANG_WARN_INFINITE_RECURSION = YES;
				CLANG_WARN_INT_CONVERSION = YES;
				CLANG_WARN_NON_LITERAL_NULL_CONVERSION = YES;
				CLANG_WARN_OBJC_IMPLICIT_RETAIN_SELF = YES;
				CLANG_WARN_OBJC_LITERAL_CONVERSION = YES;
				CLANG_WARN_QUOTED_INCLUDE_IN_FRAMEWORK_HEADER = YES;
				CLANG_WARN_RANGE_LOOP_ANALYSIS = YES;
				CLANG_WARN_STRICT_PROTOTYPES = YES;
				CLANG_WARN_SUSPICIOUS_MOVE = YES;
				CLANG_WARN_UNREACHABLE_CODE = YES;
				CLANG_WARN__DUPLICATE_METHOD_MATCH = YES;
				COPY_PHASE_STRIP = NO;
				ENABLE_STRICT_OBJC_MSGSEND = YES;
				ENABLE_TESTABILITY = YES;
				GCC_NO_COMMON_BLOCKS = YES;
				GCC_OPTIMIZATION_LEVEL = 0;
				GCC_WARN_64_TO_32_BIT_CONVERSION = YES;
				GCC_WARN_ABOUT_RETURN_TYPE = YES;
				GCC_WARN_UNDECLARED_SELECTOR = YES;
				GCC_WARN_UNINITIALIZED_AUTOS = YES;
				GCC_WARN_UNUSED_FUNCTION = YES;
				GCC_WARN_UNUSED_VARIABLE = YES;
				HEADER_SEARCH_PATHS = (
					"$(SRCROOT)/../cocos2d",
					"$(SRCROOT)/../cocos2d/cocos",
					"$(SRCROOT)/../cocos2d/cocos/base",
					"$(SRCROOT)/../cocos2d/cocos/physics",
					"$(SRCROOT)/../cocos2d/cocos/math",
					"$(SRCROOT)/../cocos2d/cocos/2d",
					"$(SRCROOT)/../cocos2d/cocos/ui",
					"$(SRCROOT)/../cocos2d/cocos/network",
					"$(SRCROOT)/../cocos2d/cocos/audio/include",
					"$(SRCROOT)/../cocos2d/cocos/editor-support",
					"$(SRCROOT)/../cocos2d/extensions",
					"$(SRCROOT)/../cocos2d/external",
					"$(SRCROOT)/../cocos2d/external/chipmunk/include/chipmunk",
				);
				IPHONEOS_DEPLOYMENT_TARGET = 11.0;
				MACOSX_DEPLOYMENT_TARGET = 10.9;
				ONLY_ACTIVE_ARCH = YES;
				PRODUCT_NAME = "$(TARGET_NAME)";
				SDKROOT = macosx;
			};
			name = Debug;
		};
		C01FCF5008A954540054247B /* Release */ = {
			isa = XCBuildConfiguration;
			buildSettings = {
				CLANG_ANALYZER_LOCALIZABILITY_NONLOCALIZED = YES;
				CLANG_CXX_LANGUAGE_STANDARD = "c++0x";
				CLANG_CXX_LIBRARY = "libc++";
				CLANG_WARN_BLOCK_CAPTURE_AUTORELEASING = YES;
				CLANG_WARN_BOOL_CONVERSION = YES;
				CLANG_WARN_COMMA = YES;
				CLANG_WARN_CONSTANT_CONVERSION = YES;
				CLANG_WARN_DEPRECATED_OBJC_IMPLEMENTATIONS = YES;
				CLANG_WARN_EMPTY_BODY = YES;
				CLANG_WARN_ENUM_CONVERSION = YES;
				CLANG_WARN_INFINITE_RECURSION = YES;
				CLANG_WARN_INT_CONVERSION = YES;
				CLANG_WARN_NON_LITERAL_NULL_CONVERSION = YES;
				CLANG_WARN_OBJC_IMPLICIT_RETAIN_SELF = YES;
				CLANG_WARN_OBJC_LITERAL_CONVERSION = YES;
				CLANG_WARN_QUOTED_INCLUDE_IN_FRAMEWORK_HEADER = YES;
				CLANG_WARN_RANGE_LOOP_ANALYSIS = YES;
				CLANG_WARN_STRICT_PROTOTYPES = YES;
				CLANG_WARN_SUSPICIOUS_MOVE = YES;
				CLANG_WARN_UNREACHABLE_CODE = YES;
				CLANG_WARN__DUPLICATE_METHOD_MATCH = YES;
				ENABLE_STRICT_OBJC_MSGSEND = YES;
				GCC_NO_COMMON_BLOCKS = YES;
				GCC_WARN_64_TO_32_BIT_CONVERSION = YES;
				GCC_WARN_ABOUT_RETURN_TYPE = YES;
				GCC_WARN_UNDECLARED_SELECTOR = YES;
				GCC_WARN_UNINITIALIZED_AUTOS = YES;
				GCC_WARN_UNUSED_FUNCTION = YES;
				GCC_WARN_UNUSED_VARIABLE = YES;
				HEADER_SEARCH_PATHS = (
					"$(SRCROOT)/../cocos2d",
					"$(SRCROOT)/../cocos2d/cocos",
					"$(SRCROOT)/../cocos2d/cocos/base",
					"$(SRCROOT)/../cocos2d/cocos/physics",
					"$(SRCROOT)/../cocos2d/cocos/math",
					"$(SRCROOT)/../cocos2d/cocos/2d",
					"$(SRCROOT)/../cocos2d/cocos/ui",
					"$(SRCROOT)/../cocos2d/cocos/network",
					"$(SRCROOT)/../cocos2d/cocos/audio/include",
					"$(SRCROOT)/../cocos2d/cocos/editor-support",
					"$(SRCROOT)/../cocos2d/extensions",
					"$(SRCROOT)/../cocos2d/external",
					"$(SRCROOT)/../cocos2d/external/chipmunk/include/chipmunk",
				);
				IPHONEOS_DEPLOYMENT_TARGET = 11.0;
				MACOSX_DEPLOYMENT_TARGET = 10.9;
				OTHER_CFLAGS = "-DNS_BLOCK_ASSERTIONS=1";
				PRODUCT_NAME = "$(TARGET_NAME)";
				SDKROOT = macosx;
				VALIDATE_PRODUCT = YES;
			};
			name = Release;
		};
/* End XCBuildConfiguration section */

/* Begin XCConfigurationList section */
		1D6058960D05DD3E006BFB54 /* Build configuration list for PBXNativeTarget "SlideBlockPuzzle" */ = {
			isa = XCConfigurationList;
			buildConfigurations = (
				1D6058940D05DD3E006BFB54 /* Debug */,
				1D6058950D05DD3E006BFB54 /* Release */,
			);
			defaultConfigurationIsVisible = 0;
			defaultConfigurationName = Debug;
		};
		C01FCF4E08A954540054247B /* Build configuration list for PBXProject "SlideBlockPuzzle" */ = {
			isa = XCConfigurationList;
			buildConfigurations = (
				C01FCF4F08A954540054247B /* Debug */,
				C01FCF5008A954540054247B /* Release */,
			);
			defaultConfigurationIsVisible = 0;
			defaultConfigurationName = Debug;
		};
/* End XCConfigurationList section */
	};
	rootObject = 29B97313FDCFA39411CA2CEA /* Project object */;
}
